
Microsoft Visual Studio Solution File, Format Version 12.00
# Visual Studio 15
VisualStudioVersion = 15.0.36001.139
MinimumVisualStudioVersion = 10.0.40219.1
Project("{FAE04EC0-301F-11D3-BF4B-00C04F79EFBC}") = "Inheritance", "Inheritance\Inheritance.csproj", "{B9ABAF0A-ECC0-44D1-9B69-D1BCEEC47EFE}"
EndProject
Project("{FAE04EC0-301F-11D3-BF4B-00C04F79EFBC}") = "Academy", "Academy\Academy.csproj", "{3CB0377B-ED7C-4CB6-938C-E0B96804F20F}"
EndProject
Project("{FAE04EC0-301F-11D3-BF4B-00C04F79EFBC}") = "Exceptions", "Exceptions\Exceptions.csproj", "{7DD9F56F-1BDE-40CF-9728-93570297878D}"
EndProject
Project("{FAE04EC0-301F-11D3-BF4B-00C04F79EFBC}") = "AbstractBaseClass", "AbstractBaseClass\AbstractBaseClass.csproj", "{2EC5B645-341E-4DBA-B801-9FC2DED306D3}"
EndProject
Global
	GlobalSection(SolutionConfigurationPlatforms) = preSolution
		Debug|Any CPU = Debug|Any CPU
		Release|Any CPU = Release|Any CPU
	EndGlobalSection
	GlobalSection(ProjectConfigurationPlatforms) = postSolution
		{B9ABAF0A-ECC0-44D1-9B69-D1BCEEC47EFE}.Debug|Any CPU.ActiveCfg = Debug|Any CPU
		{B9ABAF0A-ECC0-44D1-9B69-D1BCEEC47EFE}.Debug|Any CPU.Build.0 = Debug|Any CPU
		{B9ABAF0A-ECC0-44D1-9B69-D1BCEEC47EFE}.Release|Any CPU.ActiveCfg = Release|Any CPU
		{B9ABAF0A-ECC0-44D1-9B69-D1BCEEC47EFE}.Release|Any CPU.Build.0 = Release|Any CPU
		{3CB0377B-ED7C-4CB6-938C-E0B96804F20F}.Debug|Any CPU.ActiveCfg = Debug|Any CPU
		{3CB0377B-ED7C-4CB6-938C-E0B96804F20F}.Debug|Any CPU.Build.0 = Debug|Any CPU
		{3CB0377B-ED7C-4CB6-938C-E0B96804F20F}.Release|Any CPU.ActiveCfg = Release|Any CPU
		{3CB0377B-ED7C-4CB6-938C-E0B96804F20F}.Release|Any CPU.Build.0 = Release|Any CPU
		{7DD9F56F-1BDE-40CF-9728-93570297878D}.Debug|Any CPU.ActiveCfg = Debug|Any CPU
		{7DD9F56F-1BDE-40CF-9728-93570297878D}.Debug|Any CPU.Build.0 = Debug|Any CPU
		{7DD9F56F-1BDE-40CF-9728-93570297878D}.Release|Any CPU.ActiveCfg = Release|Any CPU
		{7DD9F56F-1BDE-40CF-9728-93570297878D}.Release|Any CPU.Build.0 = Release|Any CPU
		{2EC5B645-341E-4DBA-B801-9FC2DED306D3}.Debug|Any CPU.ActiveCfg = Debug|Any CPU
		{2EC5B645-341E-4DBA-B801-9FC2DED306D3}.Debug|Any CPU.Build.0 = Debug|Any CPU
		{2EC5B645-341E-4DBA-B801-9FC2DED306D3}.Release|Any CPU.ActiveCfg = Release|Any CPU
		{2EC5B645-341E-4DBA-B801-9FC2DED306D3}.Release|Any CPU.Build.0 = Release|Any CPU
	EndGlobalSection
	GlobalSection(SolutionProperties) = preSolution
		HideSolutionNode = FALSE
	EndGlobalSection
	GlobalSection(ExtensibilityGlobals) = postSolution
		SolutionGuid = {1DC135A1-CA2A-4238-9CD2-583DAAEB510F}
	EndGlobalSection
EndGlobal
